Microsoft Visual Studio Solution File, Format Version 12.00
# Visual Studio 2013
VisualStudioVersion = 12.0.21005.1
MinimumVisualStudioVersion = 10.0.40219.1
Project("{F2A71F9B-5D33-465A-A702-920D77279786}") = "Breakout.core", "Breakout.core\Breakout.core.fsproj", "{20A2D5E1-DD62-40D0-B835-BF20AD19E5C2}"
EndProject
Project("{FAE04EC0-301F-11D3-BF4B-00C04F79EFBC}") = "Scripts", "Scripts\CSharp\Scripts.csproj", "{1DC301F5-644D-4109-96C4-2158ABDED70D}"
EndProject
Project("{F2A71F9B-5D33-465A-A702-920D77279786}") = "FSharpScripts", "Scripts\FSharp\FSharpScripts.fsproj", "{B6D6B4D4-1582-4097-89B5-66AB83B2BFBD}"
EndProject
Global
	GlobalSection(SolutionConfigurationPlatforms) = preSolution
		Debug|Any CPU = Debug|Any CPU
		Release|Any CPU = Release|Any CPU
	EndGlobalSection
	GlobalSection(ProjectConfigurationPlatforms) = postSolution
		{20A2D5E1-DD62-40D0-B835-BF20AD19E5C2}.Debug|Any CPU.ActiveCfg = Debug|Any CPU
		{20A2D5E1-DD62-40D0-B835-BF20AD19E5C2}.Debug|Any CPU.Build.0 = Debug|Any CPU
		{20A2D5E1-DD62-40D0-B835-BF20AD19E5C2}.Release|Any CPU.ActiveCfg = Release|Any CPU
		{20A2D5E1-DD62-40D0-B835-BF20AD19E5C2}.Release|Any CPU.Build.0 = Release|Any CPU
		{1DC301F5-644D-4109-96C4-2158ABDED70D}.Debug|Any CPU.ActiveCfg = Debug|Any CPU
		{1DC301F5-644D-4109-96C4-2158ABDED70D}.Release|Any CPU.ActiveCfg = Release|Any CPU
		{1DC301F5-644D-4109-96C4-2158ABDED70D}.Release|Any CPU.Build.0 = Release|Any CPU
		{B6D6B4D4-1582-4097-89B5-66AB83B2BFBD}.Debug|Any CPU.ActiveCfg = Debug|Any CPU
		{B6D6B4D4-1582-4097-89B5-66AB83B2BFBD}.Release|Any CPU.ActiveCfg = Release|Any CPU
		{B6D6B4D4-1582-4097-89B5-66AB83B2BFBD}.Release|Any CPU.Build.0 = Release|Any CPU
	EndGlobalSection
	GlobalSection(SolutionProperties) = preSolution
		HideSolutionNode = FALSE
	EndGlobalSection
EndGlobal
